
Microsoft Visual Studio Solution File, Format Version 12.00
# Visual Studio 14
VisualStudioVersion = 14.0.25420.1
MinimumVisualStudioVersion = 10.0.40219.1
Project("{FAE04EC0-301F-11D3-BF4B-00C04F79EFBC}") = "BanducciWeb", "BanducciWeb\BanducciWeb.csproj", "{2DAEA22A-51A2-43FC-889B-AE698D24B871}"
EndProject
Project("{FAE04EC0-301F-11D3-BF4B-00C04F79EFBC}") = "BanducciBusiness", "BanducciBusiness\BanducciBusiness.csproj", "{7085F338-D50E-4D5A-A063-3E10ABCDF799}"
EndProject
Project("{FAE04EC0-301F-11D3-BF4B-00C04F79EFBC}") = "BanducciDatabase", "BanducciDatabase\BanducciDatabase.csproj", "{D5E877B6-F9A6-48C8-A88E-A48B0A3AD718}"
EndProject
Project("{FAE04EC0-301F-11D3-BF4B-00C04F79EFBC}") = "BanducciModels", "BanducciModels\BanducciModels.csproj", "{0B383A26-DA7B-43E2-8D2E-C30552E5348C}"
EndProject
Project("{FAE04EC0-301F-11D3-BF4B-00C04F79EFBC}") = "BanducciUtilities", "BanducciUtilities\BanducciUtilities.csproj", "{AF4FE31C-8CC0-4628-A2E5-DD23592404BD}"
EndProject
Global
	GlobalSection(SolutionConfigurationPlatforms) = preSolution
		Debug|Any CPU = Debug|Any CPU
		Release|Any CPU = Release|Any CPU
	EndGlobalSection
	GlobalSection(ProjectConfigurationPlatforms) = postSolution
		{2DAEA22A-51A2-43FC-889B-AE698D24B871}.Debug|Any CPU.ActiveCfg = Debug|Any CPU
		{2DAEA22A-51A2-43FC-889B-AE698D24B871}.Debug|Any CPU.Build.0 = Debug|Any CPU
		{2DAEA22A-51A2-43FC-889B-AE698D24B871}.Release|Any CPU.ActiveCfg = Release|Any CPU
		{2DAEA22A-51A2-43FC-889B-AE698D24B871}.Release|Any CPU.Build.0 = Release|Any CPU
		{7085F338-D50E-4D5A-A063-3E10ABCDF799}.Debug|Any CPU.ActiveCfg = Debug|Any CPU
		{7085F338-D50E-4D5A-A063-3E10ABCDF799}.Debug|Any CPU.Build.0 = Debug|Any CPU
		{7085F338-D50E-4D5A-A063-3E10ABCDF799}.Release|Any CPU.ActiveCfg = Release|Any CPU
		{7085F338-D50E-4D5A-A063-3E10ABCDF799}.Release|Any CPU.Build.0 = Release|Any CPU
		{D5E877B6-F9A6-48C8-A88E-A48B0A3AD718}.Debug|Any CPU.ActiveCfg = Debug|Any CPU
		{D5E877B6-F9A6-48C8-A88E-A48B0A3AD718}.Debug|Any CPU.Build.0 = Debug|Any CPU
		{D5E877B6-F9A6-48C8-A88E-A48B0A3AD718}.Release|Any CPU.ActiveCfg = Release|Any CPU
		{D5E877B6-F9A6-48C8-A88E-A48B0A3AD718}.Release|Any CPU.Build.0 = Release|Any CPU
		{0B383A26-DA7B-43E2-8D2E-C30552E5348C}.Debug|Any CPU.ActiveCfg = Debug|Any CPU
		{0B383A26-DA7B-43E2-8D2E-C30552E5348C}.Debug|Any CPU.Build.0 = Debug|Any CPU
		{0B383A26-DA7B-43E2-8D2E-C30552E5348C}.Release|Any CPU.ActiveCfg = Release|Any CPU
		{0B383A26-DA7B-43E2-8D2E-C30552E5348C}.Release|Any CPU.Build.0 = Release|Any CPU
		{AF4FE31C-8CC0-4628-A2E5-DD23592404BD}.Debug|Any CPU.ActiveCfg = Debug|Any CPU
		{AF4FE31C-8CC0-4628-A2E5-DD23592404BD}.Debug|Any CPU.Build.0 = Debug|Any CPU
		{AF4FE31C-8CC0-4628-A2E5-DD23592404BD}.Release|Any CPU.ActiveCfg = Release|Any CPU
		{AF4FE31C-8CC0-4628-A2E5-DD23592404BD}.Release|Any CPU.Build.0 = Release|Any CPU
	EndGlobalSection
	GlobalSection(SolutionProperties) = preSolution
		HideSolutionNode = FALSE
	EndGlobalSection
EndGlobal
